
Microsoft Visual Studio Solution File, Format Version 12.00
# Visual Studio 15
VisualStudioVersion = 15.0.27703.2035
MinimumVisualStudioVersion = 10.0.40219.1
Project("{FAE04EC0-301F-11D3-BF4B-00C04F79EFBC}") = "seriesTracker", "sql_connection_test\seriesTracker.csproj", "{924162DA-6996-494C-ACEC-5F93B7CB9A96}"
EndProject
Global
	GlobalSection(SolutionConfigurationPlatforms) = preSolution
		Debug|Any CPU = Debug|Any CPU
		Release|Any CPU = Release|Any CPU
	EndGlobalSection
	GlobalSection(ProjectConfigurationPlatforms) = postSolution
		{924162DA-6996-494C-ACEC-5F93B7CB9A96}.Debug|Any CPU.ActiveCfg = Debug|Any CPU
		{924162DA-6996-494C-ACEC-5F93B7CB9A96}.Debug|Any CPU.Build.0 = Debug|Any CPU
		{924162DA-6996-494C-ACEC-5F93B7CB9A96}.Release|Any CPU.ActiveCfg = Release|Any CPU
		{924162DA-6996-494C-ACEC-5F93B7CB9A96}.Release|Any CPU.Build.0 = Release|Any CPU
	EndGlobalSection
	GlobalSection(SolutionProperties) = preSolution
		HideSolutionNode = FALSE
	EndGlobalSection
	GlobalSection(ExtensibilityGlobals) = postSolution
		SolutionGuid = {12D5B7A7-54DA-4F40-890B-8DFE28D04E5B}
	EndGlobalSection
EndGlobal
